
Microsoft Visual Studio Solution File, Format Version 12.00
# Visual Studio Version 17
VisualStudioVersion = 17.13.35931.197 d17.13
MinimumVisualStudioVersion = 10.0.40219.1
Project("{54A90642-561A-4BB1-A94E-469ADEE60C69}") = "pessoas.client", "pessoas.client\pessoas.client.esproj", "{1F033D92-CB54-6741-246B-FE3E5EFCB5DE}"
EndProject
Project("{FAE04EC0-301F-11D3-BF4B-00C04F79EFBC}") = "Pessoas.Server", "Pessoas.Server\Pessoas.Server.csproj", "{5DC1CBE8-5D84-4F1E-A4AF-A7E541601F18}"
EndProject
Project("{FAE04EC0-301F-11D3-BF4B-00C04F79EFBC}") = "Pessoas.Tests", "Pessoas.Tests\Pessoas.Tests.csproj", "{CA14682C-6123-45E4-8DDA-7BC15D00BAF3}"
EndProject
Global
	GlobalSection(SolutionConfigurationPlatforms) = preSolution
		Debug|Any CPU = Debug|Any CPU
		Release|Any CPU = Release|Any CPU
	EndGlobalSection
	GlobalSection(ProjectConfigurationPlatforms) = postSolution
		{1F033D92-CB54-6741-246B-FE3E5EFCB5DE}.Debug|Any CPU.ActiveCfg = Debug|Any CPU
		{1F033D92-CB54-6741-246B-FE3E5EFCB5DE}.Debug|Any CPU.Build.0 = Debug|Any CPU
		{1F033D92-CB54-6741-246B-FE3E5EFCB5DE}.Debug|Any CPU.Deploy.0 = Debug|Any CPU
		{1F033D92-CB54-6741-246B-FE3E5EFCB5DE}.Release|Any CPU.ActiveCfg = Release|Any CPU
		{1F033D92-CB54-6741-246B-FE3E5EFCB5DE}.Release|Any CPU.Build.0 = Release|Any CPU
		{1F033D92-CB54-6741-246B-FE3E5EFCB5DE}.Release|Any CPU.Deploy.0 = Release|Any CPU
		{5DC1CBE8-5D84-4F1E-A4AF-A7E541601F18}.Debug|Any CPU.ActiveCfg = Debug|Any CPU
		{5DC1CBE8-5D84-4F1E-A4AF-A7E541601F18}.Debug|Any CPU.Build.0 = Debug|Any CPU
		{5DC1CBE8-5D84-4F1E-A4AF-A7E541601F18}.Release|Any CPU.ActiveCfg = Release|Any CPU
		{5DC1CBE8-5D84-4F1E-A4AF-A7E541601F18}.Release|Any CPU.Build.0 = Release|Any CPU
		{CA14682C-6123-45E4-8DDA-7BC15D00BAF3}.Debug|Any CPU.ActiveCfg = Debug|Any CPU
		{CA14682C-6123-45E4-8DDA-7BC15D00BAF3}.Debug|Any CPU.Build.0 = Debug|Any CPU
		{CA14682C-6123-45E4-8DDA-7BC15D00BAF3}.Release|Any CPU.ActiveCfg = Release|Any CPU
		{CA14682C-6123-45E4-8DDA-7BC15D00BAF3}.Release|Any CPU.Build.0 = Release|Any CPU
	EndGlobalSection
	GlobalSection(SolutionProperties) = preSolution
		HideSolutionNode = FALSE
	EndGlobalSection
	GlobalSection(ExtensibilityGlobals) = postSolution
		SolutionGuid = {7C8061F2-2FD4-491A-8240-78C54FA2A6DE}
	EndGlobalSection
EndGlobal
